// !$*UTF8*$!
{
	archiveVersion = 1;
	classes = {
	};
	objectVersion = 54;
	objects = {

/* Begin PBXBuildFile section */
		AE0324046EF1E2B3434364B8 /* Pods_TealiumUsabillaExample.framework in Frameworks */ = {isa = PBXBuildFile; fileRef = 4F31D2BA156433633A237A9B /* Pods_TealiumUsabillaExample.framework */; };
		CF1287F5252CDF9C00122C07 /* usabilla.json in Resources */ = {isa = PBXBuildFile; fileRef = CF1287F4252CDF9C00122C07 /* usabilla.json */; };
		CF1401AE23049F86002AC330 /* AppDelegate.swift in Sources */ = {isa = PBXBuildFile; fileRef = CF1401AD23049F86002AC330 /* AppDelegate.swift */; };
		CF1401B023049F86002AC330 /* ViewController.swift in Sources */ = {isa = PBXBuildFile; fileRef = CF1401AF23049F86002AC330 /* ViewController.swift */; };
		CF1401B323049F86002AC330 /* Main.storyboard in Resources */ = {isa = PBXBuildFile; fileRef = CF1401B123049F86002AC330 /* Main.storyboard */; };
		CF1401B523049F87002AC330 /* Assets.xcassets in Resources */ = {isa = PBXBuildFile; fileRef = CF1401B423049F87002AC330 /* Assets.xcassets */; };
		CF1401B823049F87002AC330 /* LaunchScreen.storyboard in Resources */ = {isa = PBXBuildFile; fileRef = CF1401B623049F87002AC330 /* LaunchScreen.storyboard */; };
		CF1401C023049FA6002AC330 /* TealiumHelper.swift in Sources */ = {isa = PBXBuildFile; fileRef = CF1401BF23049FA6002AC330 /* TealiumHelper.swift */; };
/* End PBXBuildFile section */

/* Begin PBXFileReference section */
		4F31D2BA156433633A237A9B /* Pods_TealiumUsabillaExample.framework */ = {isa = PBXFileReference; explicitFileType = wrapper.framework; includeInIndex = 0; path = Pods_TealiumUsabillaExample.framework; sourceTree = BUILT_PRODUCTS_DIR; };
		9993F373E02EE2AE2AEDE89B /* Pods-TealiumUsabillaExample.release.xcconfig */ = {isa = PBXFileReference; includeInIndex = 1; lastKnownFileType = text.xcconfig; name = "Pods-TealiumUsabillaExample.release.xcconfig"; path = "Target Support Files/Pods-TealiumUsabillaExample/Pods-TealiumUsabillaExample.release.xcconfig"; sourceTree = "<group>"; };
		C41B0CC7EDDF186405191DD7 /* Pods-TealiumUsabillaExample.debug.xcconfig */ = {isa = PBXFileReference; includeInIndex = 1; lastKnownFileType = text.xcconfig; name = "Pods-TealiumUsabillaExample.debug.xcconfig"; path = "Target Support Files/Pods-TealiumUsabillaExample/Pods-TealiumUsabillaExample.debug.xcconfig"; sourceTree = "<group>"; };
		CF1287F4252CDF9C00122C07 /* usabilla.json */ = {isa = PBXFileReference; fileEncoding = 4; lastKnownFileType = text.json; path = usabilla.json; sourceTree = "<group>"; };
		CF1401AA23049F86002AC330 /* TealiumUsabillaExample.app */ = {isa = PBXFileReference; explicitFileType = wrapper.application; includeInIndex = 0; path = TealiumUsabillaExample.app; sourceTree = BUILT_PRODUCTS_DIR; };
		CF1401AD23049F86002AC330 /* AppDelegate.swift */ = {isa = PBXFileReference; lastKnownFileType = sourcecode.swift; path = AppDelegate.swift; sourceTree = "<group>"; };
		CF1401AF23049F86002AC330 /* ViewController.swift */ = {isa = PBXFileReference; lastKnownFileType = sourcecode.swift; path = ViewController.swift; sourceTree = "<group>"; };
		CF1401B223049F86002AC330 /* Base */ = {isa = PBXFileReference; lastKnownFileType = file.storyboard; name = Base; path = Base.lproj/Main.storyboard; sourceTree = "<group>"; };
		CF1401B423049F87002AC330 /* Assets.xcassets */ = {isa = PBXFileReference; lastKnownFileType = folder.assetcatalog; path = Assets.xcassets; sourceTree = "<group>"; };
		CF1401B723049F87002AC330 /* Base */ = {isa = PBXFileReference; lastKnownFileType = file.storyboard; name = Base; path = Base.lproj/LaunchScreen.storyboard; sourceTree = "<group>"; };
		CF1401B923049F87002AC330 /* Info.plist */ = {isa = PBXFileReference; lastKnownFileType = text.plist.xml; path = Info.plist; sourceTree = "<group>"; };
		CF1401BF23049FA6002AC330 /* TealiumHelper.swift */ = {isa = PBXFileReference; fileEncoding = 4; lastKnownFileType = sourcecode.swift; path = TealiumHelper.swift; sourceTree = "<group>"; };
/* End PBXFileReference section */

/* Begin PBXFrameworksBuildPhase section */
		CF1401A723049F86002AC330 /* Frameworks */ = {
			isa = PBXFrameworksBuildPhase;
			buildActionMask = 2147483647;
			files = (
				AE0324046EF1E2B3434364B8 /* Pods_TealiumUsabillaExample.framework in Frameworks */,
			);
			runOnlyForDeploymentPostprocessing = 0;
		};
/* End PBXFrameworksBuildPhase section */

/* Begin PBXGroup section */
		34F3B5C4E8B5A984E7A8FE8B /* Pods */ = {
			isa = PBXGroup;
			children = (
				C41B0CC7EDDF186405191DD7 /* Pods-TealiumUsabillaExample.debug.xcconfig */,
				9993F373E02EE2AE2AEDE89B /* Pods-TealiumUsabillaExample.release.xcconfig */,
			);
			path = Pods;
			sourceTree = "<group>";
		};
		73FD1ABDF60D1751E45C5803 /* Frameworks */ = {
			isa = PBXGroup;
			children = (
				4F31D2BA156433633A237A9B /* Pods_TealiumUsabillaExample.framework */,
			);
			name = Frameworks;
			sourceTree = "<group>";
		};
		CF1401A123049F86002AC330 = {
			isa = PBXGroup;
			children = (
				CF1401AC23049F86002AC330 /* TealiumUsabillaExample */,
				CF1401AB23049F86002AC330 /* Products */,
				34F3B5C4E8B5A984E7A8FE8B /* Pods */,
				73FD1ABDF60D1751E45C5803 /* Frameworks */,
			);
			sourceTree = "<group>";
		};
		CF1401AB23049F86002AC330 /* Products */ = {
			isa = PBXGroup;
			children = (
				CF1401AA23049F86002AC330 /* TealiumUsabillaExample.app */,
			);
			name = Products;
			sourceTree = "<group>";
		};
		CF1401AC23049F86002AC330 /* TealiumUsabillaExample */ = {
			isa = PBXGroup;
			children = (
				CF1401BF23049FA6002AC330 /* TealiumHelper.swift */,
				CF1401AD23049F86002AC330 /* AppDelegate.swift */,
				CF1401AF23049F86002AC330 /* ViewController.swift */,
				CF1287F4252CDF9C00122C07 /* usabilla.json */,
				CF1401B123049F86002AC330 /* Main.storyboard */,
				CF1401B423049F87002AC330 /* Assets.xcassets */,
				CF1401B623049F87002AC330 /* LaunchScreen.storyboard */,
				CF1401B923049F87002AC330 /* Info.plist */,
			);
			path = TealiumUsabillaExample;
			sourceTree = "<group>";
		};
/* End PBXGroup section */

/* Begin PBXNativeTarget section */
		CF1401A923049F86002AC330 /* TealiumUsabillaExample */ = {
			isa = PBXNativeTarget;
			buildConfigurationList = CF1401BC23049F87002AC330 /* Build configuration list for PBXNativeTarget "TealiumUsabillaExample" */;
			buildPhases = (
				66776A2FB215183B8E4BDDC1 /* [CP] Check Pods Manifest.lock */,
				CF1401A623049F86002AC330 /* Sources */,
				CF1401A723049F86002AC330 /* Frameworks */,
				CF1401A823049F86002AC330 /* Resources */,
				F4FD21A80FE0B3255660BB59 /* [CP] Embed Pods Frameworks */,
			);
			buildRules = (
			);
			dependencies = (
			);
			name = TealiumUsabillaExample;
			productName = TealiumUsabillaExample;
			productReference = CF1401AA23049F86002AC330 /* TealiumUsabillaExample.app */;
			productType = "com.apple.product-type.application";
		};
/* End PBXNativeTarget section */

/* Begin PBXProject section */
		CF1401A223049F86002AC330 /* Project object */ = {
			isa = PBXProject;
			attributes = {
				LastSwiftUpdateCheck = 1030;
				LastUpgradeCheck = 1030;
				ORGANIZATIONNAME = Tealium;
				TargetAttributes = {
					CF1401A923049F86002AC330 = {
						CreatedOnToolsVersion = 10.3;
						LastSwiftMigration = 1310;
					};
				};
			};
			buildConfigurationList = CF1401A523049F86002AC330 /* Build configuration list for PBXProject "TealiumUsabillaExample" */;
			compatibilityVersion = "Xcode 9.3";
			developmentRegion = en;
			hasScannedForEncodings = 0;
			knownRegions = (
				en,
				Base,
			);
			mainGroup = CF1401A123049F86002AC330;
			productRefGroup = CF1401AB23049F86002AC330 /* Products */;
			projectDirPath = "";
			projectRoot = "";
			targets = (
				CF1401A923049F86002AC330 /* TealiumUsabillaExample */,
			);
		};
/* End PBXProject section */

/* Begin PBXResourcesBuildPhase section */
		CF1401A823049F86002AC330 /* Resources */ = {
			isa = PBXResourcesBuildPhase;
			buildActionMask = 2147483647;
			files = (
				CF1401B823049F87002AC330 /* LaunchScreen.storyboard in Resources */,
				CF1401B523049F87002AC330 /* Assets.xcassets in Resources */,
				CF1287F5252CDF9C00122C07 /* usabilla.json in Resources */,
				CF1401B323049F86002AC330 /* Main.storyboard in Resources */,
			);
			runOnlyForDeploymentPostprocessing = 0;
		};
/* End PBXResourcesBuildPhase section */

/* Begin PBXShellScriptBuildPhase section */
		66776A2FB215183B8E4BDDC1 /* [CP] Check Pods Manifest.lock */ = {
			isa = PBXShellScriptBuildPhase;
			buildActionMask = 2147483647;
			files = (
			);
			inputFileListPaths = (
			);
			inputPaths = (
				"${PODS_PODFILE_DIR_PATH}/Podfile.lock",
				"${PODS_ROOT}/Manifest.lock",
			);
			name = "[CP] Check Pods Manifest.lock";
			outputFileListPaths = (
			);
			outputPaths = (
				"$(DERIVED_FILE_DIR)/Pods-TealiumUsabillaExample-checkManifestLockResult.txt",
			);
			runOnlyForDeploymentPostprocessing = 0;
			shellPath = /bin/sh;
			shellScript = "diff \"${PODS_PODFILE_DIR_PATH}/Podfile.lock\" \"${PODS_ROOT}/Manifest.lock\" > /dev/null\nif [ $? != 0 ] ; then\n    # print error to STDERR\n    echo \"error: The sandbox is not in sync with the Podfile.lock. Run 'pod install' or update your CocoaPods installation.\" >&2\n    exit 1\nfi\n# This output is used by Xcode 'outputs' to avoid re-running this script phase.\necho \"SUCCESS\" > \"${SCRIPT_OUTPUT_FILE_0}\"\n";
			showEnvVarsInLog = 0;
		};
		F4FD21A80FE0B3255660BB59 /* [CP] Embed Pods Frameworks */ = {
			isa = PBXShellScriptBuildPhase;
			buildActionMask = 2147483647;
			files = (
			);
			inputFileListPaths = (
				"${PODS_ROOT}/Target Support Files/Pods-TealiumUsabillaExample/Pods-TealiumUsabillaExample-frameworks-${CONFIGURATION}-input-files.xcfilelist",
			);
			name = "[CP] Embed Pods Frameworks";
			outputFileListPaths = (
				"${PODS_ROOT}/Target Support Files/Pods-TealiumUsabillaExample/Pods-TealiumUsabillaExample-frameworks-${CONFIGURATION}-output-files.xcfilelist",
			);
			runOnlyForDeploymentPostprocessing = 0;
			shellPath = /bin/sh;
			shellScript = "\"${PODS_ROOT}/Target Support Files/Pods-TealiumUsabillaExample/Pods-TealiumUsabillaExample-frameworks.sh\"\n";
			showEnvVarsInLog = 0;
		};
/* End PBXShellScriptBuildPhase section */

/* Begin PBXSourcesBuildPhase section */
		CF1401A623049F86002AC330 /* Sources */ = {
			isa = PBXSourcesBuildPhase;
			buildActionMask = 2147483647;
			files = (
				CF1401B023049F86002AC330 /* ViewController.swift in Sources */,
				CF1401C023049FA6002AC330 /* TealiumHelper.swift in Sources */,
				CF1401AE23049F86002AC330 /* AppDelegate.swift in Sources */,
			);
			runOnlyForDeploymentPostprocessing = 0;
		};
/* End PBXSourcesBuildPhase section */

/* Begin PBXVariantGroup section */
		CF1401B123049F86002AC330 /* Main.storyboard */ = {
			isa = PBXVariantGroup;
			children = (
				CF1401B223049F86002AC330 /* Base */,
			);
			name = Main.storyboard;
			sourceTree = "<group>";
		};
		CF1401B623049F87002AC330 /* LaunchScreen.storyboard */ = {
			isa = PBXVariantGroup;
			children = (
				CF1401B723049F87002AC330 /* Base */,
			);
			name = LaunchScreen.storyboard;
			sourceTree = "<group>";
		};
/* End PBXVariantGroup section */

/* Begin XCBuildConfiguration section */
		CF1401BA23049F87002AC330 /* Debug */ = {
			isa = XCBuildConfiguration;
			buildSettings = {
				ALWAYS_SEARCH_USER_PATHS = NO;
				CLANG_ANALYZER_NONNULL = YES;
				CLANG_ANALYZER_NUMBER_OBJECT_CONVERSION = YES_AGGRESSIVE;
				CLANG_CXX_LANGUAGE_STANDARD = "gnu++14";
				CLANG_CXX_LIBRARY = "libc++";
				CLANG_ENABLE_MODULES = YES;
				CLANG_ENABLE_OBJC_ARC = YES;
				CLANG_ENABLE_OBJC_WEAK = YES;
				CLANG_WARN_BLOCK_CAPTURE_AUTORELEASING = YES;
				CLANG_WARN_BOOL_CONVERSION = YES;
				CLANG_WARN_COMMA = YES;
				CLANG_WARN_CONSTANT_CONVERSION = YES;
				CLANG_WARN_DEPRECATED_OBJC_IMPLEMENTATIONS = YES;
				CLANG_WARN_DIRECT_OBJC_ISA_USAGE = YES_ERROR;
				CLANG_WARN_DOCUMENTATION_COMMENTS = YES;
				CLANG_WARN_EMPTY_BODY = YES;
				CLANG_WARN_ENUM_CONVERSION = YES;
				CLANG_WARN_INFINITE_RECURSION = YES;
				CLANG_WARN_INT_CONVERSION = YES;
				CLANG_WARN_NON_LITERAL_NULL_CONVERSION = YES;
				CLANG_WARN_OBJC_IMPLICIT_RETAIN_SELF = YES;
				CLANG_WARN_OBJC_LITERAL_CONVERSION = YES;
				CLANG_WARN_OBJC_ROOT_CLASS = YES_ERROR;
				CLANG_WARN_RANGE_LOOP_ANALYSIS = YES;
				CLANG_WARN_STRICT_PROTOTYPES = YES;
				CLANG_WARN_SUSPICIOUS_MOVE = YES;
				CLANG_WARN_UNGUARDED_AVAILABILITY = YES_AGGRESSIVE;
				CLANG_WARN_UNREACHABLE_CODE = YES;
				CLANG_WARN__DUPLICATE_METHOD_MATCH = YES;
				CODE_SIGN_IDENTITY = "iPhone Developer";
				COPY_PHASE_STRIP = NO;
				DEBUG_INFORMATION_FORMAT = dwarf;
				ENABLE_STRICT_OBJC_MSGSEND = YES;
				ENABLE_TESTABILITY = YES;
				GCC_C_LANGUAGE_STANDARD = gnu11;
				GCC_DYNAMIC_NO_PIC = NO;
				GCC_NO_COMMON_BLOCKS = YES;
				GCC_OPTIMIZATION_LEVEL = 0;
				GCC_PREPROCESSOR_DEFINITIONS = (
					"DEBUG=1",
					"$(inherited)",
				);
				GCC_WARN_64_TO_32_BIT_CONVERSION = YES;
				GCC_WARN_ABOUT_RETURN_TYPE = YES_ERROR;
				GCC_WARN_UNDECLARED_SELECTOR = YES;
				GCC_WARN_UNINITIALIZED_AUTOS = YES_AGGRESSIVE;
				GCC_WARN_UNUSED_FUNCTION = YES;
				GCC_WARN_UNUSED_VARIABLE = YES;
				IPHONEOS_DEPLOYMENT_TARGET = 12.4;
				MTL_ENABLE_DEBUG_INFO = INCLUDE_SOURCE;
				MTL_FAST_MATH = YES;
				ONLY_ACTIVE_ARCH = YES;
				SDKROOT = iphoneos;
				SWIFT_ACTIVE_COMPILATION_CONDITIONS = DEBUG;
				SWIFT_OPTIMIZATION_LEVEL = "-Onone";
			};
			name = Debug;
		};
		CF1401BB23049F87002AC330 /* Release */ = {
			isa = XCBuildConfiguration;
			buildSettings = {
				ALWAYS_SEARCH_USER_PATHS = NO;
				CLANG_ANALYZER_NONNULL = YES;
				CLANG_ANALYZER_NUMBER_OBJECT_CONVERSION = YES_AGGRESSIVE;
				CLANG_CXX_LANGUAGE_STANDARD = "gnu++14";
				CLANG_CXX_LIBRARY = "libc++";
				CLANG_ENABLE_MODULES = YES;
				CLANG_ENABLE_OBJC_ARC = YES;
				CLANG_ENABLE_OBJC_WEAK = YES;
				CLANG_WARN_BLOCK_CAPTURE_AUTORELEASING = YES;
				CLANG_WARN_BOOL_CONVERSION = YES;
				CLANG_WARN_COMMA = YES;
				CLANG_WARN_CONSTANT_CONVERSION = YES;
				CLANG_WARN_DEPRECATED_OBJC_IMPLEMENTATIONS = YES;
				CLANG_WARN_DIRECT_OBJC_ISA_USAGE = YES_ERROR;
				CLANG_WARN_DOCUMENTATION_COMMENTS = YES;
				CLANG_WARN_EMPTY_BODY = YES;
				CLANG_WARN_ENUM_CONVERSION = YES;
				CLANG_WARN_INFINITE_RECURSION = YES;
				CLANG_WARN_INT_CONVERSION = YES;
				CLANG_WARN_NON_LITERAL_NULL_CONVERSION = YES;
				CLANG_WARN_OBJC_IMPLICIT_RETAIN_SELF = YES;
				CLANG_WARN_OBJC_LITERAL_CONVERSION = YES;
				CLANG_WARN_OBJC_ROOT_CLASS = YES_ERROR;
				CLANG_WARN_RANGE_LOOP_ANALYSIS = YES;
				CLANG_WARN_STRICT_PROTOTYPES = YES;
				CLANG_WARN_SUSPICIOUS_MOVE = YES;
				CLANG_WARN_UNGUARDED_AVAILABILITY = YES_AGGRESSIVE;
				CLANG_WARN_UNREACHABLE_CODE = YES;
				CLANG_WARN__DUPLICATE_METHOD_MATCH = YES;
				CODE_SIGN_IDENTITY = "iPhone Developer";
				COPY_PHASE_STRIP = NO;
				DEBUG_INFORMATION_FORMAT = "dwarf-with-dsym";
				ENABLE_NS_ASSERTIONS = NO;
				ENABLE_STRICT_OBJC_MSGSEND = YES;
				GCC_C_LANGUAGE_STANDARD = gnu11;
				GCC_NO_COMMON_BLOCKS = YES;
				GCC_WARN_64_TO_32_BIT_CONVERSION = YES;
				GCC_WARN_ABOUT_RETURN_TYPE = YES_ERROR;
				GCC_WARN_UNDECLARED_SELECTOR = YES;
				GCC_WARN_UNINITIALIZED_AUTOS = YES_AGGRESSIVE;
				GCC_WARN_UNUSED_FUNCTION = YES;
				GCC_WARN_UNUSED_VARIABLE = YES;
				IPHONEOS_DEPLOYMENT_TARGET = 12.4;
				MTL_ENABLE_DEBUG_INFO = NO;
				MTL_FAST_MATH = YES;
				SDKROOT = iphoneos;
				SWIFT_COMPILATION_MODE = wholemodule;
				SWIFT_OPTIMIZATION_LEVEL = "-O";
				VALIDATE_PRODUCT = YES;
			};
			name = Release;
		};
		CF1401BD23049F87002AC330 /* Debug */ = {
			isa = XCBuildConfiguration;
			baseConfigurationReference = C41B0CC7EDDF186405191DD7 /* Pods-TealiumUsabillaExample.debug.xcconfig */;
			buildSettings = {
				ASSETCATALOG_COMPILER_APPICON_NAME = AppIcon;
				CODE_SIGN_STYLE = Automatic;
				DEVELOPMENT_TEAM = XC939GDC9P;
				INFOPLIST_FILE = TealiumUsabillaExample/Info.plist;
				IPHONEOS_DEPLOYMENT_TARGET = 12.0;
				LD_RUNPATH_SEARCH_PATHS = (
					"$(inherited)",
					"@executable_path/Frameworks",
				);
				PRODUCT_BUNDLE_IDENTIFIER = com.tealium.TealiumUsabillaExample;
				PRODUCT_NAME = "$(TARGET_NAME)";
				SWIFT_VERSION = 5.0;
				TARGETED_DEVICE_FAMILY = "1,2";
			};
			name = Debug;
		};
		CF1401BE23049F87002AC330 /* Release */ = {
			isa = XCBuildConfiguration;
			baseConfigurationReference = 9993F373E02EE2AE2AEDE89B /* Pods-TealiumUsabillaExample.release.xcconfig */;
			buildSettings = {
				ASSETCATALOG_COMPILER_APPICON_NAME = AppIcon;
				CODE_SIGN_STYLE = Automatic;
				DEVELOPMENT_TEAM = XC939GDC9P;
				INFOPLIST_FILE = TealiumUsabillaExample/Info.plist;
				IPHONEOS_DEPLOYMENT_TARGET = 12.0;
				LD_RUNPATH_SEARCH_PATHS = (
					"$(inherited)",
					"@executable_path/Frameworks",
				);
				PRODUCT_BUNDLE_IDENTIFIER = com.tealium.TealiumUsabillaExample;
				PRODUCT_NAME = "$(TARGET_NAME)";
				SWIFT_VERSION = 5.0;
				TARGETED_DEVICE_FAMILY = "1,2";
			};
			name = Release;
		};
/* End XCBuildConfiguration section */

/* Begin XCConfigurationList section */
		CF1401A523049F86002AC330 /* Build configuration list for PBXProject "TealiumUsabillaExample" */ = {
			isa = XCConfigurationList;
			buildConfigurations = (
				CF1401BA23049F87002AC330 /* Debug */,
				CF1401BB23049F87002AC330 /* Release */,
			);
			defaultConfigurationIsVisible = 0;
			defaultConfigurationName = Release;
		};
		CF1401BC23049F87002AC330 /* Build configuration list for PBXNativeTarget "TealiumUsabillaExample" */ = {
			isa = XCConfigurationList;
			buildConfigurations = (
				CF1401BD23049F87002AC330 /* Debug */,
				CF1401BE23049F87002AC330 /* Release */,
			);
			defaultConfigurationIsVisible = 0;
			defaultConfigurationName = Release;
		};
/* End XCConfigurationList section */
	};
	rootObject = CF1401A223049F86002AC330 /* Project object */;
}
