PODS:
  - tealium-swift (2.1.0):
    - tealium-swift/TealiumFull (= 2.1.0)
  - tealium-swift/TealiumFull (2.1.0)
  - Usabilla (6.5.0)

DEPENDENCIES:
  - tealium-swift (from `/Users/christina/Projects/work-repos/github/tealium-swift-builder`)
  - Usabilla (~> 6.5)

SPEC REPOS:
  trunk:
    - Usabilla

EXTERNAL SOURCES:
  tealium-swift:
    :path: "/Users/christina/Projects/work-repos/github/tealium-swift-builder"

SPEC CHECKSUMS:
  tealium-swift: a670c2c6f3e7e5d775d9507387e8858a8541e526
  Usabilla: 425b78ee09659fdaa420a09d0d89d91c7aed8608

PODFILE CHECKSUM: 0b53455654440a5b3867685ce53fa3582d55a547

COCOAPODS: 1.9.3
