PODS:
  - tealium-swift/Core (2.1.0)
  - tealium-swift/Lifecycle (2.1.0):
    - tealium-swift/Core
  - tealium-swift/RemoteCommands (2.1.0):
    - tealium-swift/Core
  - tealium-swift/TagManagement (2.1.0):
    - tealium-swift/Core
  - TealiumUsabilla (1.0.0):
    - tealium-swift/Core (~> 2.1)
    - tealium-swift/RemoteCommands (~> 2.1)
    - tealium-swift/TagManagement (~> 2.1)
    - Usabilla (~> 6.4)
  - Usabilla (6.5.0)

DEPENDENCIES:
  - tealium-swift/Lifecycle (~> 2.1)
  - TealiumUsabilla (from `../`)

SPEC REPOS:
  trunk:
    - tealium-swift
    - Usabilla

EXTERNAL SOURCES:
  TealiumUsabilla:
    :path: "../"

SPEC CHECKSUMS:
  tealium-swift: a670c2c6f3e7e5d775d9507387e8858a8541e526
  TealiumUsabilla: a562151e00fb15865c96e938de7f2f1cccf86e76
  Usabilla: 425b78ee09659fdaa420a09d0d89d91c7aed8608

PODFILE CHECKSUM: 44c32c2813674e3e3195603b822440eea0ea211e

COCOAPODS: 1.10.0
