// !$*UTF8*$!
{
	archiveVersion = 1;
	classes = {
	};
	objectVersion = 50;
	objects = {

/* Begin PBXBuildFile section */
		4B28C47022FB2901002AE7FA /* TealiumUsabilla.framework in Frameworks */ = {isa = PBXBuildFile; fileRef = 4B28C46622FB2901002AE7FA /* TealiumUsabilla.framework */; };
		4B28C47722FB2901002AE7FA /* TealiumUsabilla.h in Headers */ = {isa = PBXBuildFile; fileRef = 4B28C46922FB2901002AE7FA /* TealiumUsabilla.h */; settings = {ATTRIBUTES = (Public, ); }; };
		4B28C48522FB3B08002AE7FA /* UsabillaCommandRunnerTests.swift in Sources */ = {isa = PBXBuildFile; fileRef = 4B28C48422FB3B08002AE7FA /* UsabillaCommandRunnerTests.swift */; };
		CF1401C32304C098002AC330 /* UsabillaCommand.swift in Sources */ = {isa = PBXBuildFile; fileRef = CF1401C12304C098002AC330 /* UsabillaCommand.swift */; };
		CF1401C42304C098002AC330 /* UsabillaCommandRunner.swift in Sources */ = {isa = PBXBuildFile; fileRef = CF1401C22304C098002AC330 /* UsabillaCommandRunner.swift */; };
		CF91ECD82305D423008D721C /* Usabilla.framework in Frameworks */ = {isa = PBXBuildFile; fileRef = CFBA50B22304DC8600EF52BC /* Usabilla.framework */; };
		CFBA50AD2304D4CA00EF52BC /* UsabillaCommand.swift in Headers */ = {isa = PBXBuildFile; fileRef = CF1401C12304C098002AC330 /* UsabillaCommand.swift */; settings = {ATTRIBUTES = (Public, ); }; };
		CFBA50AE2304D4CA00EF52BC /* UsabillaCommandRunner.swift in Headers */ = {isa = PBXBuildFile; fileRef = CF1401C22304C098002AC330 /* UsabillaCommandRunner.swift */; settings = {ATTRIBUTES = (Public, ); }; };
		CFBA50B62304DC8600EF52BC /* TealiumTagManagement.framework in Frameworks */ = {isa = PBXBuildFile; fileRef = CFBA50B12304DC8600EF52BC /* TealiumTagManagement.framework */; };
		CFBA50B82304DC8600EF52BC /* TealiumCore.framework in Frameworks */ = {isa = PBXBuildFile; fileRef = CFBA50B32304DC8600EF52BC /* TealiumCore.framework */; };
		CFBA50B92304DC8600EF52BC /* TealiumDelegate.framework in Frameworks */ = {isa = PBXBuildFile; fileRef = CFBA50B42304DC8600EF52BC /* TealiumDelegate.framework */; };
		CFBA50BA2304DC8600EF52BC /* TealiumRemoteCommands.framework in Frameworks */ = {isa = PBXBuildFile; fileRef = CFBA50B52304DC8600EF52BC /* TealiumRemoteCommands.framework */; };
		CFBA50BB2304DD1600EF52BC /* TealiumCore.framework in Frameworks */ = {isa = PBXBuildFile; fileRef = CFBA50B32304DC8600EF52BC /* TealiumCore.framework */; };
		CFBA50BC2304DD1600EF52BC /* TealiumRemoteCommands.framework in Frameworks */ = {isa = PBXBuildFile; fileRef = CFBA50B52304DC8600EF52BC /* TealiumRemoteCommands.framework */; };
		CFBA50BF2304DD6F00EF52BC /* HttpTestHelpers.swift in Sources */ = {isa = PBXBuildFile; fileRef = CFBA50BE2304DD6F00EF52BC /* HttpTestHelpers.swift */; };
/* End PBXBuildFile section */

/* Begin PBXContainerItemProxy section */
		4B28C47122FB2901002AE7FA /* PBXContainerItemProxy */ = {
			isa = PBXContainerItemProxy;
			containerPortal = 4B28C45D22FB2901002AE7FA /* Project object */;
			proxyType = 1;
			remoteGlobalIDString = 4B28C46522FB2901002AE7FA;
			remoteInfo = TealiumUsabilla;
		};
/* End PBXContainerItemProxy section */

/* Begin PBXFileReference section */
		4B28C46622FB2901002AE7FA /* TealiumUsabilla.framework */ = {isa = PBXFileReference; explicitFileType = wrapper.framework; includeInIndex = 0; path = TealiumUsabilla.framework; sourceTree = BUILT_PRODUCTS_DIR; };
		4B28C46922FB2901002AE7FA /* TealiumUsabilla.h */ = {isa = PBXFileReference; lastKnownFileType = sourcecode.c.h; path = TealiumUsabilla.h; sourceTree = "<group>"; };
		4B28C46A22FB2901002AE7FA /* Info.plist */ = {isa = PBXFileReference; lastKnownFileType = text.plist.xml; path = Info.plist; sourceTree = "<group>"; };
		4B28C46F22FB2901002AE7FA /* TealiumUsabillaTests.xctest */ = {isa = PBXFileReference; explicitFileType = wrapper.cfbundle; includeInIndex = 0; path = TealiumUsabillaTests.xctest; sourceTree = BUILT_PRODUCTS_DIR; };
		4B28C47622FB2901002AE7FA /* Info.plist */ = {isa = PBXFileReference; lastKnownFileType = text.plist.xml; path = Info.plist; sourceTree = "<group>"; };
		4B28C48422FB3B08002AE7FA /* UsabillaCommandRunnerTests.swift */ = {isa = PBXFileReference; fileEncoding = 4; lastKnownFileType = sourcecode.swift; path = UsabillaCommandRunnerTests.swift; sourceTree = "<group>"; };
		CF1401C12304C098002AC330 /* UsabillaCommand.swift */ = {isa = PBXFileReference; fileEncoding = 4; lastKnownFileType = sourcecode.swift; path = UsabillaCommand.swift; sourceTree = "<group>"; };
		CF1401C22304C098002AC330 /* UsabillaCommandRunner.swift */ = {isa = PBXFileReference; fileEncoding = 4; lastKnownFileType = sourcecode.swift; path = UsabillaCommandRunner.swift; sourceTree = "<group>"; };
		CFBA50B12304DC8600EF52BC /* TealiumTagManagement.framework */ = {isa = PBXFileReference; lastKnownFileType = wrapper.framework; name = TealiumTagManagement.framework; path = Carthage/Build/iOS/TealiumTagManagement.framework; sourceTree = "<group>"; };
		CFBA50B22304DC8600EF52BC /* Usabilla.framework */ = {isa = PBXFileReference; lastKnownFileType = wrapper.framework; name = Usabilla.framework; path = Carthage/Build/iOS/Usabilla.framework; sourceTree = "<group>"; };
		CFBA50B32304DC8600EF52BC /* TealiumCore.framework */ = {isa = PBXFileReference; lastKnownFileType = wrapper.framework; name = TealiumCore.framework; path = Carthage/Build/iOS/TealiumCore.framework; sourceTree = "<group>"; };
		CFBA50B42304DC8600EF52BC /* TealiumDelegate.framework */ = {isa = PBXFileReference; lastKnownFileType = wrapper.framework; name = TealiumDelegate.framework; path = Carthage/Build/iOS/TealiumDelegate.framework; sourceTree = "<group>"; };
		CFBA50B52304DC8600EF52BC /* TealiumRemoteCommands.framework */ = {isa = PBXFileReference; lastKnownFileType = wrapper.framework; name = TealiumRemoteCommands.framework; path = Carthage/Build/iOS/TealiumRemoteCommands.framework; sourceTree = "<group>"; };
		CFBA50BE2304DD6F00EF52BC /* HttpTestHelpers.swift */ = {isa = PBXFileReference; fileEncoding = 4; lastKnownFileType = sourcecode.swift; path = HttpTestHelpers.swift; sourceTree = "<group>"; };
		CFE532252305D2E900280CBF /* Usabilla.framework */ = {isa = PBXFileReference; lastKnownFileType = wrapper.framework; name = Usabilla.framework; path = "../../../../Downloads/Carthage 2/Build/iOS/Usabilla.framework"; sourceTree = "<group>"; };
/* End PBXFileReference section */

/* Begin PBXFrameworksBuildPhase section */
		4B28C46322FB2901002AE7FA /* Frameworks */ = {
			isa = PBXFrameworksBuildPhase;
			buildActionMask = 2147483647;
			files = (
				CF91ECD82305D423008D721C /* Usabilla.framework in Frameworks */,
				CFBA50B62304DC8600EF52BC /* TealiumTagManagement.framework in Frameworks */,
				CFBA50B82304DC8600EF52BC /* TealiumCore.framework in Frameworks */,
				CFBA50B92304DC8600EF52BC /* TealiumDelegate.framework in Frameworks */,
				CFBA50BA2304DC8600EF52BC /* TealiumRemoteCommands.framework in Frameworks */,
			);
			runOnlyForDeploymentPostprocessing = 0;
		};
		4B28C46C22FB2901002AE7FA /* Frameworks */ = {
			isa = PBXFrameworksBuildPhase;
			buildActionMask = 2147483647;
			files = (
				4B28C47022FB2901002AE7FA /* TealiumUsabilla.framework in Frameworks */,
				CFBA50BB2304DD1600EF52BC /* TealiumCore.framework in Frameworks */,
				CFBA50BC2304DD1600EF52BC /* TealiumRemoteCommands.framework in Frameworks */,
			);
			runOnlyForDeploymentPostprocessing = 0;
		};
/* End PBXFrameworksBuildPhase section */

/* Begin PBXGroup section */
		4B28C45C22FB2901002AE7FA = {
			isa = PBXGroup;
			children = (
				4B28C46822FB2901002AE7FA /* Sources */,
				4B28C47322FB2901002AE7FA /* Tests */,
				4B28C46722FB2901002AE7FA /* Products */,
				CFBA50B02304DC8500EF52BC /* Frameworks */,
			);
			sourceTree = "<group>";
		};
		4B28C46722FB2901002AE7FA /* Products */ = {
			isa = PBXGroup;
			children = (
				4B28C46622FB2901002AE7FA /* TealiumUsabilla.framework */,
				4B28C46F22FB2901002AE7FA /* TealiumUsabillaTests.xctest */,
			);
			name = Products;
			sourceTree = "<group>";
		};
		4B28C46822FB2901002AE7FA /* Sources */ = {
			isa = PBXGroup;
			children = (
				CF1401C12304C098002AC330 /* UsabillaCommand.swift */,
				CF1401C22304C098002AC330 /* UsabillaCommandRunner.swift */,
				4B28C46922FB2901002AE7FA /* TealiumUsabilla.h */,
				4B28C46A22FB2901002AE7FA /* Info.plist */,
			);
			path = Sources;
			sourceTree = "<group>";
		};
		4B28C47322FB2901002AE7FA /* Tests */ = {
			isa = PBXGroup;
			children = (
				4B28C48422FB3B08002AE7FA /* UsabillaCommandRunnerTests.swift */,
				CFBA50BE2304DD6F00EF52BC /* HttpTestHelpers.swift */,
				4B28C47622FB2901002AE7FA /* Info.plist */,
			);
			path = Tests;
			sourceTree = "<group>";
		};
		CFBA50B02304DC8500EF52BC /* Frameworks */ = {
			isa = PBXGroup;
			children = (
				CFE532252305D2E900280CBF /* Usabilla.framework */,
				CFBA50B32304DC8600EF52BC /* TealiumCore.framework */,
				CFBA50B42304DC8600EF52BC /* TealiumDelegate.framework */,
				CFBA50B52304DC8600EF52BC /* TealiumRemoteCommands.framework */,
				CFBA50B12304DC8600EF52BC /* TealiumTagManagement.framework */,
				CFBA50B22304DC8600EF52BC /* Usabilla.framework */,
			);
			name = Frameworks;
			sourceTree = "<group>";
		};
/* End PBXGroup section */

/* Begin PBXHeadersBuildPhase section */
		4B28C46122FB2901002AE7FA /* Headers */ = {
			isa = PBXHeadersBuildPhase;
			buildActionMask = 2147483647;
			files = (
				4B28C47722FB2901002AE7FA /* TealiumUsabilla.h in Headers */,
				CFBA50AD2304D4CA00EF52BC /* UsabillaCommand.swift in Headers */,
				CFBA50AE2304D4CA00EF52BC /* UsabillaCommandRunner.swift in Headers */,
			);
			runOnlyForDeploymentPostprocessing = 0;
		};
/* End PBXHeadersBuildPhase section */

/* Begin PBXNativeTarget section */
		4B28C46522FB2901002AE7FA /* TealiumUsabilla */ = {
			isa = PBXNativeTarget;
			buildConfigurationList = 4B28C47A22FB2901002AE7FA /* Build configuration list for PBXNativeTarget "TealiumUsabilla" */;
			buildPhases = (
				4B28C46122FB2901002AE7FA /* Headers */,
				4B28C46222FB2901002AE7FA /* Sources */,
				4B28C46322FB2901002AE7FA /* Frameworks */,
				4B28C46422FB2901002AE7FA /* Resources */,
				CFBA50AF2304D4D100EF52BC /* Carthage */,
			);
			buildRules = (
			);
			dependencies = (
			);
			name = TealiumUsabilla;
			productName = TealiumUsabilla;
			productReference = 4B28C46622FB2901002AE7FA /* TealiumUsabilla.framework */;
			productType = "com.apple.product-type.framework";
		};
		4B28C46E22FB2901002AE7FA /* TealiumUsabillaTests */ = {
			isa = PBXNativeTarget;
			buildConfigurationList = 4B28C47D22FB2901002AE7FA /* Build configuration list for PBXNativeTarget "TealiumUsabillaTests" */;
			buildPhases = (
				4B28C46B22FB2901002AE7FA /* Sources */,
				4B28C46C22FB2901002AE7FA /* Frameworks */,
				4B28C46D22FB2901002AE7FA /* Resources */,
				CFBA50BD2304DD1C00EF52BC /* Carthage */,
			);
			buildRules = (
			);
			dependencies = (
				4B28C47222FB2901002AE7FA /* PBXTargetDependency */,
			);
			name = TealiumUsabillaTests;
			productName = TealiumUsabillaTests;
			productReference = 4B28C46F22FB2901002AE7FA /* TealiumUsabillaTests.xctest */;
			productType = "com.apple.product-type.bundle.unit-test";
		};
/* End PBXNativeTarget section */

/* Begin PBXProject section */
		4B28C45D22FB2901002AE7FA /* Project object */ = {
			isa = PBXProject;
			attributes = {
				LastSwiftUpdateCheck = 1010;
				LastUpgradeCheck = 1010;
				ORGANIZATIONNAME = "Jonathan Wong";
				TargetAttributes = {
					4B28C46522FB2901002AE7FA = {
						CreatedOnToolsVersion = 10.1;
						LastSwiftMigration = 1030;
					};
					4B28C46E22FB2901002AE7FA = {
						CreatedOnToolsVersion = 10.1;
					};
				};
			};
			buildConfigurationList = 4B28C46022FB2901002AE7FA /* Build configuration list for PBXProject "TealiumUsabilla" */;
			compatibilityVersion = "Xcode 9.3";
			developmentRegion = en;
			hasScannedForEncodings = 0;
			knownRegions = (
				en,
			);
			mainGroup = 4B28C45C22FB2901002AE7FA;
			productRefGroup = 4B28C46722FB2901002AE7FA /* Products */;
			projectDirPath = "";
			projectRoot = "";
			targets = (
				4B28C46522FB2901002AE7FA /* TealiumUsabilla */,
				4B28C46E22FB2901002AE7FA /* TealiumUsabillaTests */,
			);
		};
/* End PBXProject section */

/* Begin PBXResourcesBuildPhase section */
		4B28C46422FB2901002AE7FA /* Resources */ = {
			isa = PBXResourcesBuildPhase;
			buildActionMask = 2147483647;
			files = (
			);
			runOnlyForDeploymentPostprocessing = 0;
		};
		4B28C46D22FB2901002AE7FA /* Resources */ = {
			isa = PBXResourcesBuildPhase;
			buildActionMask = 2147483647;
			files = (
			);
			runOnlyForDeploymentPostprocessing = 0;
		};
/* End PBXResourcesBuildPhase section */

/* Begin PBXShellScriptBuildPhase section */
		CFBA50AF2304D4D100EF52BC /* Carthage */ = {
			isa = PBXShellScriptBuildPhase;
			buildActionMask = 2147483647;
			files = (
			);
			inputFileListPaths = (
			);
			inputPaths = (
				"$(SRCROOT)/Carthage/Build/iOS/TealiumCore.framework",
				"$(SRCROOT)/Carthage/Build/iOS/TealiumDelegate.framework",
				"$(SRCROOT)/Carthage/Build/iOS/TealiumTagManagement.framework",
				"$(SRCROOT)/Carthage/Build/iOS/TealiumRemoteCommands.framework",
				"$(SRCROOT)/Carthage/Build/iOS/Usabilla.framework",
			);
			name = Carthage;
			outputFileListPaths = (
			);
			outputPaths = (
			);
			runOnlyForDeploymentPostprocessing = 0;
			shellPath = /bin/sh;
			shellScript = "/usr/local/bin/carthage copy-frameworks\n";
		};
		CFBA50BD2304DD1C00EF52BC /* Carthage */ = {
			isa = PBXShellScriptBuildPhase;
			buildActionMask = 2147483647;
			files = (
			);
			inputFileListPaths = (
			);
			inputPaths = (
				"$(SRCROOT)/Carthage/Build/iOS/TealiumRemoteCommands.framework",
				"$(SRCROOT)/Carthage/Build/iOS/TealiumCore.framework",
			);
			name = Carthage;
			outputFileListPaths = (
			);
			outputPaths = (
			);
			runOnlyForDeploymentPostprocessing = 0;
			shellPath = /bin/sh;
			shellScript = "/usr/local/bin/carthage copy-frameworks\n";
		};
/* End PBXShellScriptBuildPhase section */

/* Begin PBXSourcesBuildPhase section */
		4B28C46222FB2901002AE7FA /* Sources */ = {
			isa = PBXSourcesBuildPhase;
			buildActionMask = 2147483647;
			files = (
				CF1401C42304C098002AC330 /* UsabillaCommandRunner.swift in Sources */,
				CF1401C32304C098002AC330 /* UsabillaCommand.swift in Sources */,
			);
			runOnlyForDeploymentPostprocessing = 0;
		};
		4B28C46B22FB2901002AE7FA /* Sources */ = {
			isa = PBXSourcesBuildPhase;
			buildActionMask = 2147483647;
			files = (
				4B28C48522FB3B08002AE7FA /* UsabillaCommandRunnerTests.swift in Sources */,
				CFBA50BF2304DD6F00EF52BC /* HttpTestHelpers.swift in Sources */,
			);
			runOnlyForDeploymentPostprocessing = 0;
		};
/* End PBXSourcesBuildPhase section */

/* Begin PBXTargetDependency section */
		4B28C47222FB2901002AE7FA /* PBXTargetDependency */ = {
			isa = PBXTargetDependency;
			target = 4B28C46522FB2901002AE7FA /* TealiumUsabilla */;
			targetProxy = 4B28C47122FB2901002AE7FA /* PBXContainerItemProxy */;
		};
/* End PBXTargetDependency section */

/* Begin XCBuildConfiguration section */
		4B28C47822FB2901002AE7FA /* Debug */ = {
			isa = XCBuildConfiguration;
			buildSettings = {
				ALWAYS_SEARCH_USER_PATHS = NO;
				CLANG_ANALYZER_NONNULL = YES;
				CLANG_ANALYZER_NUMBER_OBJECT_CONVERSION = YES_AGGRESSIVE;
				CLANG_CXX_LANGUAGE_STANDARD = "gnu++14";
				CLANG_CXX_LIBRARY = "libc++";
				CLANG_ENABLE_MODULES = YES;
				CLANG_ENABLE_OBJC_ARC = YES;
				CLANG_ENABLE_OBJC_WEAK = YES;
				CLANG_WARN_BLOCK_CAPTURE_AUTORELEASING = YES;
				CLANG_WARN_BOOL_CONVERSION = YES;
				CLANG_WARN_COMMA = YES;
				CLANG_WARN_CONSTANT_CONVERSION = YES;
				CLANG_WARN_DEPRECATED_OBJC_IMPLEMENTATIONS = YES;
				CLANG_WARN_DIRECT_OBJC_ISA_USAGE = YES_ERROR;
				CLANG_WARN_DOCUMENTATION_COMMENTS = YES;
				CLANG_WARN_EMPTY_BODY = YES;
				CLANG_WARN_ENUM_CONVERSION = YES;
				CLANG_WARN_INFINITE_RECURSION = YES;
				CLANG_WARN_INT_CONVERSION = YES;
				CLANG_WARN_NON_LITERAL_NULL_CONVERSION = YES;
				CLANG_WARN_OBJC_IMPLICIT_RETAIN_SELF = YES;
				CLANG_WARN_OBJC_LITERAL_CONVERSION = YES;
				CLANG_WARN_OBJC_ROOT_CLASS = YES_ERROR;
				CLANG_WARN_RANGE_LOOP_ANALYSIS = YES;
				CLANG_WARN_STRICT_PROTOTYPES = YES;
				CLANG_WARN_SUSPICIOUS_MOVE = YES;
				CLANG_WARN_UNGUARDED_AVAILABILITY = YES_AGGRESSIVE;
				CLANG_WARN_UNREACHABLE_CODE = YES;
				CLANG_WARN__DUPLICATE_METHOD_MATCH = YES;
				CODE_SIGN_IDENTITY = "iPhone Developer";
				COPY_PHASE_STRIP = NO;
				CURRENT_PROJECT_VERSION = 1;
				DEBUG_INFORMATION_FORMAT = dwarf;
				ENABLE_STRICT_OBJC_MSGSEND = YES;
				ENABLE_TESTABILITY = YES;
				GCC_C_LANGUAGE_STANDARD = gnu11;
				GCC_DYNAMIC_NO_PIC = NO;
				GCC_NO_COMMON_BLOCKS = YES;
				GCC_OPTIMIZATION_LEVEL = 0;
				GCC_PREPROCESSOR_DEFINITIONS = (
					"DEBUG=1",
					"$(inherited)",
				);
				GCC_WARN_64_TO_32_BIT_CONVERSION = YES;
				GCC_WARN_ABOUT_RETURN_TYPE = YES_ERROR;
				GCC_WARN_UNDECLARED_SELECTOR = YES;
				GCC_WARN_UNINITIALIZED_AUTOS = YES_AGGRESSIVE;
				GCC_WARN_UNUSED_FUNCTION = YES;
				GCC_WARN_UNUSED_VARIABLE = YES;
				IPHONEOS_DEPLOYMENT_TARGET = 12.1;
				MTL_ENABLE_DEBUG_INFO = INCLUDE_SOURCE;
				MTL_FAST_MATH = YES;
				ONLY_ACTIVE_ARCH = YES;
				SDKROOT = iphoneos;
				SWIFT_ACTIVE_COMPILATION_CONDITIONS = DEBUG;
				SWIFT_OPTIMIZATION_LEVEL = "-Onone";
				SWIFT_VERSION = 4.2;
				VERSIONING_SYSTEM = "apple-generic";
				VERSION_INFO_PREFIX = "";
			};
			name = Debug;
		};
		4B28C47922FB2901002AE7FA /* Release */ = {
			isa = XCBuildConfiguration;
			buildSettings = {
				ALWAYS_SEARCH_USER_PATHS = NO;
				CLANG_ANALYZER_NONNULL = YES;
				CLANG_ANALYZER_NUMBER_OBJECT_CONVERSION = YES_AGGRESSIVE;
				CLANG_CXX_LANGUAGE_STANDARD = "gnu++14";
				CLANG_CXX_LIBRARY = "libc++";
				CLANG_ENABLE_MODULES = YES;
				CLANG_ENABLE_OBJC_ARC = YES;
				CLANG_ENABLE_OBJC_WEAK = YES;
				CLANG_WARN_BLOCK_CAPTURE_AUTORELEASING = YES;
				CLANG_WARN_BOOL_CONVERSION = YES;
				CLANG_WARN_COMMA = YES;
				CLANG_WARN_CONSTANT_CONVERSION = YES;
				CLANG_WARN_DEPRECATED_OBJC_IMPLEMENTATIONS = YES;
				CLANG_WARN_DIRECT_OBJC_ISA_USAGE = YES_ERROR;
				CLANG_WARN_DOCUMENTATION_COMMENTS = YES;
				CLANG_WARN_EMPTY_BODY = YES;
				CLANG_WARN_ENUM_CONVERSION = YES;
				CLANG_WARN_INFINITE_RECURSION = YES;
				CLANG_WARN_INT_CONVERSION = YES;
				CLANG_WARN_NON_LITERAL_NULL_CONVERSION = YES;
				CLANG_WARN_OBJC_IMPLICIT_RETAIN_SELF = YES;
				CLANG_WARN_OBJC_LITERAL_CONVERSION = YES;
				CLANG_WARN_OBJC_ROOT_CLASS = YES_ERROR;
				CLANG_WARN_RANGE_LOOP_ANALYSIS = YES;
				CLANG_WARN_STRICT_PROTOTYPES = YES;
				CLANG_WARN_SUSPICIOUS_MOVE = YES;
				CLANG_WARN_UNGUARDED_AVAILABILITY = YES_AGGRESSIVE;
				CLANG_WARN_UNREACHABLE_CODE = YES;
				CLANG_WARN__DUPLICATE_METHOD_MATCH = YES;
				CODE_SIGN_IDENTITY = "iPhone Developer";
				COPY_PHASE_STRIP = NO;
				CURRENT_PROJECT_VERSION = 1;
				DEBUG_INFORMATION_FORMAT = "dwarf-with-dsym";
				ENABLE_NS_ASSERTIONS = NO;
				ENABLE_STRICT_OBJC_MSGSEND = YES;
				GCC_C_LANGUAGE_STANDARD = gnu11;
				GCC_NO_COMMON_BLOCKS = YES;
				GCC_WARN_64_TO_32_BIT_CONVERSION = YES;
				GCC_WARN_ABOUT_RETURN_TYPE = YES_ERROR;
				GCC_WARN_UNDECLARED_SELECTOR = YES;
				GCC_WARN_UNINITIALIZED_AUTOS = YES_AGGRESSIVE;
				GCC_WARN_UNUSED_FUNCTION = YES;
				GCC_WARN_UNUSED_VARIABLE = YES;
				IPHONEOS_DEPLOYMENT_TARGET = 12.1;
				MTL_ENABLE_DEBUG_INFO = NO;
				MTL_FAST_MATH = YES;
				SDKROOT = iphoneos;
				SWIFT_COMPILATION_MODE = wholemodule;
				SWIFT_OPTIMIZATION_LEVEL = "-O";
				SWIFT_VERSION = 4.2;
				VALIDATE_PRODUCT = YES;
				VERSIONING_SYSTEM = "apple-generic";
				VERSION_INFO_PREFIX = "";
			};
			name = Release;
		};
		4B28C47B22FB2901002AE7FA /* Debug */ = {
			isa = XCBuildConfiguration;
			buildSettings = {
				CLANG_ENABLE_MODULES = YES;
				CODE_SIGN_IDENTITY = "";
				CODE_SIGN_STYLE = Automatic;
				DEFINES_MODULE = YES;
				DEVELOPMENT_TEAM = XC939GDC9P;
				DYLIB_COMPATIBILITY_VERSION = 1;
				DYLIB_CURRENT_VERSION = 1;
				DYLIB_INSTALL_NAME_BASE = "@rpath";
				FRAMEWORK_SEARCH_PATHS = (
					"$(inherited)",
					"$(PROJECT_DIR)/Carthage/Build/iOS",
					"$(PROJECT_DIR)",
				);
				INFOPLIST_FILE = "$(SRCROOT)/Sources/Info.plist";
				INSTALL_PATH = "$(LOCAL_LIBRARY_DIR)/Frameworks";
				IPHONEOS_DEPLOYMENT_TARGET = 10.0;
				LD_RUNPATH_SEARCH_PATHS = (
					"$(inherited)",
					"@executable_path/Frameworks",
					"@loader_path/Frameworks",
				);
				PRODUCT_BUNDLE_IDENTIFIER = com.tealium.TealiumUsabilla;
				PRODUCT_NAME = "$(TARGET_NAME:c99extidentifier)";
				SKIP_INSTALL = YES;
				SWIFT_OPTIMIZATION_LEVEL = "-Onone";
				SWIFT_VERSION = 4.2;
				TARGETED_DEVICE_FAMILY = "1,2";
			};
			name = Debug;
		};
		4B28C47C22FB2901002AE7FA /* Release */ = {
			isa = XCBuildConfiguration;
			buildSettings = {
				CLANG_ENABLE_MODULES = YES;
				CODE_SIGN_IDENTITY = "";
				CODE_SIGN_STYLE = Automatic;
				DEFINES_MODULE = YES;
				DEVELOPMENT_TEAM = XC939GDC9P;
				DYLIB_COMPATIBILITY_VERSION = 1;
				DYLIB_CURRENT_VERSION = 1;
				DYLIB_INSTALL_NAME_BASE = "@rpath";
				FRAMEWORK_SEARCH_PATHS = (
					"$(inherited)",
					"$(PROJECT_DIR)/Carthage/Build/iOS",
					"$(PROJECT_DIR)",
				);
				INFOPLIST_FILE = "$(SRCROOT)/Sources/Info.plist";
				INSTALL_PATH = "$(LOCAL_LIBRARY_DIR)/Frameworks";
				IPHONEOS_DEPLOYMENT_TARGET = 10.0;
				LD_RUNPATH_SEARCH_PATHS = (
					"$(inherited)",
					"@executable_path/Frameworks",
					"@loader_path/Frameworks",
				);
				PRODUCT_BUNDLE_IDENTIFIER = com.tealium.TealiumUsabilla;
				PRODUCT_NAME = "$(TARGET_NAME:c99extidentifier)";
				SKIP_INSTALL = YES;
				SWIFT_VERSION = 4.2;
				TARGETED_DEVICE_FAMILY = "1,2";
			};
			name = Release;
		};
		4B28C47E22FB2901002AE7FA /* Debug */ = {
			isa = XCBuildConfiguration;
			buildSettings = {
				ALWAYS_EMBED_SWIFT_STANDARD_LIBRARIES = YES;
				CODE_SIGN_STYLE = Automatic;
				DEVELOPMENT_TEAM = XC939GDC9P;
				FRAMEWORK_SEARCH_PATHS = (
					"$(inherited)",
					"$(PROJECT_DIR)/Carthage/Build/iOS",
				);
				INFOPLIST_FILE = Tests/Info.plist;
				LD_RUNPATH_SEARCH_PATHS = (
					"$(inherited)",
					"@executable_path/Frameworks",
					"@loader_path/Frameworks",
				);
				PRODUCT_BUNDLE_IDENTIFIER = com.tealium.TealiumUsabillaTests;
				PRODUCT_NAME = "$(TARGET_NAME)";
				SWIFT_VERSION = 4.2;
				TARGETED_DEVICE_FAMILY = "1,2";
			};
			name = Debug;
		};
		4B28C47F22FB2901002AE7FA /* Release */ = {
			isa = XCBuildConfiguration;
			buildSettings = {
				ALWAYS_EMBED_SWIFT_STANDARD_LIBRARIES = YES;
				CODE_SIGN_STYLE = Automatic;
				DEVELOPMENT_TEAM = XC939GDC9P;
				FRAMEWORK_SEARCH_PATHS = (
					"$(inherited)",
					"$(PROJECT_DIR)/Carthage/Build/iOS",
				);
				INFOPLIST_FILE = Tests/Info.plist;
				LD_RUNPATH_SEARCH_PATHS = (
					"$(inherited)",
					"@executable_path/Frameworks",
					"@loader_path/Frameworks",
				);
				PRODUCT_BUNDLE_IDENTIFIER = com.tealium.TealiumUsabillaTests;
				PRODUCT_NAME = "$(TARGET_NAME)";
				SWIFT_VERSION = 4.2;
				TARGETED_DEVICE_FAMILY = "1,2";
			};
			name = Release;
		};
/* End XCBuildConfiguration section */

/* Begin XCConfigurationList section */
		4B28C46022FB2901002AE7FA /* Build configuration list for PBXProject "TealiumUsabilla" */ = {
			isa = XCConfigurationList;
			buildConfigurations = (
				4B28C47822FB2901002AE7FA /* Debug */,
				4B28C47922FB2901002AE7FA /* Release */,
			);
			defaultConfigurationIsVisible = 0;
			defaultConfigurationName = Release;
		};
		4B28C47A22FB2901002AE7FA /* Build configuration list for PBXNativeTarget "TealiumUsabilla" */ = {
			isa = XCConfigurationList;
			buildConfigurations = (
				4B28C47B22FB2901002AE7FA /* Debug */,
				4B28C47C22FB2901002AE7FA /* Release */,
			);
			defaultConfigurationIsVisible = 0;
			defaultConfigurationName = Release;
		};
		4B28C47D22FB2901002AE7FA /* Build configuration list for PBXNativeTarget "TealiumUsabillaTests" */ = {
			isa = XCConfigurationList;
			buildConfigurations = (
				4B28C47E22FB2901002AE7FA /* Debug */,
				4B28C47F22FB2901002AE7FA /* Release */,
			);
			defaultConfigurationIsVisible = 0;
			defaultConfigurationName = Release;
		};
/* End XCConfigurationList section */
	};
	rootObject = 4B28C45D22FB2901002AE7FA /* Project object */;
}
